
Microsoft Visual Studio Solution File, Format Version 12.00
# Visual Studio Version 16
VisualStudioVersion = 16.0.31229.75
MinimumVisualStudioVersion = 10.0.40219.1
Project("{9A19103F-16F7-4668-BE54-9A1E7A4F7556}") = "Api", "Api\Api.csproj", "{D671F0B6-8A7C-4500-9EC6-D4464EFFB51F}"
EndProject
Project("{2150E333-8FDC-42A3-9474-1A3956D46DE8}") = "Solution Items", "Solution Items", "{4AFA7513-6009-4BF6-82A8-6ABDC48D18D1}"
	ProjectSection(SolutionItems) = preProject
		Dockerfile = Dockerfile
	EndProjectSection
EndProject
Global
	GlobalSection(SolutionConfigurationPlatforms) = preSolution
		Debug|Any CPU = Debug|Any CPU
		Release|Any CPU = Release|Any CPU
	EndGlobalSection
	GlobalSection(ProjectConfigurationPlatforms) = postSolution
		{D671F0B6-8A7C-4500-9EC6-D4464EFFB51F}.Debug|Any CPU.ActiveCfg = Debug|Any CPU
		{D671F0B6-8A7C-4500-9EC6-D4464EFFB51F}.Debug|Any CPU.Build.0 = Debug|Any CPU
		{D671F0B6-8A7C-4500-9EC6-D4464EFFB51F}.Release|Any CPU.ActiveCfg = Release|Any CPU
		{D671F0B6-8A7C-4500-9EC6-D4464EFFB51F}.Release|Any CPU.Build.0 = Release|Any CPU
	EndGlobalSection
	GlobalSection(SolutionProperties) = preSolution
		HideSolutionNode = FALSE
	EndGlobalSection
	GlobalSection(ExtensibilityGlobals) = postSolution
		SolutionGuid = {B6BB3682-083D-4F2F-B132-01C937416700}
	EndGlobalSection
EndGlobal
